<?xml version="1.0" encoding="UTF-8"?>
<Scheme
   LastUpgradeVersion = "0640"
   version = "1.3">
   <BuildAction
      parallelizeBuildables = "YES"
      buildImplicitDependencies = "YES">
      <BuildActionEntries>
         <BuildActionEntry
            buildForTesting = "YES"
            buildForRunning = "YES"
            buildForProfiling = "YES"
            buildForArchiving = "YES"
            buildForAnalyzing = "YES">
            <BuildableReference
               BuildableIdentifier = "primary"
               BlueprintIdentifier = "FAD853551B6C2EAD0009A5FB"
               BuildableName = "Munchkin Counter Watch Redux WatchKit App.app"
               BlueprintName = "Munchkin Counter Watch Redux WatchKit App"
               ReferencedContainer = "container:Munchkin Counter Watch Redux.xcodeproj">
            </BuildableReference>
         </BuildActionEntry>
         <BuildActionEntry
            buildForTesting = "YES"
            buildForRunning = "YES"
            buildForProfiling = "YES"
            buildForArchiving = "YES"
            buildForAnalyzing = "YES">
            <BuildableReference
               BuildableIdentifier = "primary"
               BlueprintIdentifier = "FAD853221B6C2E9E0009A5FB"
               BuildableName = "Munchkin Counter Watch Redux.app"
               BlueprintName = "Munchkin Counter Watch Redux"
               ReferencedContainer = "container:Munchkin Counter Watch Redux.xcodeproj">
            </BuildableReference>
         </BuildActionEntry>
         <BuildActionEntry
            buildForTesting = "YES"
            buildForRunning = "YES"
            buildForProfiling = "YES"
            buildForArchiving = "YES"
            buildForAnalyzing = "YES">
            <BuildableReference
               BuildableIdentifier = "primary"
               BlueprintIdentifier = "FAD8534B1B6C2EAD0009A5FB"
               BuildableName = "Munchkin Counter Watch Redux WatchKit Extension.appex"
               BlueprintName = "Munchkin Counter Watch Redux WatchKit Extension"
               ReferencedContainer = "container:Munchkin Counter Watch Redux.xcodeproj">
            </BuildableReference>
         </BuildActionEntry>
      </BuildActionEntries>
   </BuildAction>
   <TestAction
      selectedDebuggerIdentifier = "Xcode.DebuggerFoundation.Debugger.LLDB"
      selectedLauncherIdentifier = "Xcode.DebuggerFoundation.Launcher.LLDB"
      shouldUseLaunchSchemeArgsEnv = "YES"
      buildConfiguration = "Debug">
      <Testables>
      </Testables>
      <MacroExpansion>
         <BuildableReference
            BuildableIdentifier = "primary"
            BlueprintIdentifier = "FAD853551B6C2EAD0009A5FB"
            BuildableName = "Munchkin Counter Watch Redux WatchKit App.app"
            BlueprintName = "Munchkin Counter Watch Redux WatchKit App"
            ReferencedContainer = "container:Munchkin Counter Watch Redux.xcodeproj">
         </BuildableReference>
      </MacroExpansion>
   </TestAction>
   <LaunchAction
      selectedDebuggerIdentifier = "Xcode.DebuggerFoundation.Debugger.LLDB"
      selectedLauncherIdentifier = "Xcode.DebuggerFoundation.Launcher.LLDB"
      launchStyle = "0"
      useCustomWorkingDirectory = "NO"
      buildConfiguration = "Debug"
      ignoresPersistentStateOnLaunch = "NO"
      debugDocumentVersioning = "YES"
      allowLocationSimulation = "YES">
      <RemoteRunnable
         runnableDebuggingMode = "2"
         BundleIdentifier = "com.apple.springboard"
         RemotePath = "/Munchkin Counter Watch Redux">
         <BuildableReference
            BuildableIdentifier = "primary"
            BlueprintIdentifier = "FAD853551B6C2EAD0009A5FB"
            BuildableName = "Munchkin Counter Watch Redux WatchKit App.app"
            BlueprintName = "Munchkin Counter Watch Redux WatchKit App"
            ReferencedContainer = "container:Munchkin Counter Watch Redux.xcodeproj">
         </BuildableReference>
      </RemoteRunnable>
      <MacroExpansion>
         <BuildableReference
            BuildableIdentifier = "primary"
            BlueprintIdentifier = "FAD853551B6C2EAD0009A5FB"
            BuildableName = "Munchkin Counter Watch Redux WatchKit App.app"
            BlueprintName = "Munchkin Counter Watch Redux WatchKit App"
            ReferencedContainer = "container:Munchkin Counter Watch Redux.xcodeproj">
         </BuildableReference>
      </MacroExpansion>
      <AdditionalOptions>
      </AdditionalOptions>
   </LaunchAction>
   <ProfileAction
      shouldUseLaunchSchemeArgsEnv = "YES"
      savedToolIdentifier = ""
      useCustomWorkingDirectory = "NO"
      buildConfiguration = "Release"
      debugDocumentVersioning = "YES">
      <RemoteRunnable
         runnableDebuggingMode = "2"
         BundleIdentifier = "com.apple.springboard"
         RemotePath = "/Munchkin Counter Watch Redux">
         <BuildableReference
            BuildableIdentifier = "primary"
            BlueprintIdentifier = "FAD853551B6C2EAD0009A5FB"
            BuildableName = "Munchkin Counter Watch Redux WatchKit App.app"
            BlueprintName = "Munchkin Counter Watch Redux WatchKit App"
            ReferencedContainer = "container:Munchkin Counter Watch Redux.xcodeproj">
         </BuildableReference>
      </RemoteRunnable>
      <MacroExpansion>
         <BuildableReference
            BuildableIdentifier = "primary"
            BlueprintIdentifier = "FAD853551B6C2EAD0009A5FB"
            BuildableName = "Munchkin Counter Watch Redux WatchKit App.app"
            BlueprintName = "Munchkin Counter Watch Redux WatchKit App"
            ReferencedContainer = "container:Munchkin Counter Watch Redux.xcodeproj">
         </BuildableReference>
      </MacroExpansion>
   </ProfileAction>
   <AnalyzeAction
      buildConfiguration = "Debug">
   </AnalyzeAction>
   <ArchiveAction
      buildConfiguration = "Release"
      revealArchiveInOrganizer = "YES">
   </ArchiveAction>
</Scheme>
